
Microsoft Visual Studio Solution File, Format Version 12.00
# Visual Studio 2013
Project("{FAE04EC0-301F-11D3-BF4B-00C04F79EFBC}") = "myGame.CSharp", "myGame.CSharp.csproj", "{7ED8277E-01A0-C7E7-9984-662F939E1AF0}"
EndProject
Project("{FAE04EC0-301F-11D3-BF4B-00C04F79EFBC}") = "myGame.CSharp.Plugins", "myGame.CSharp.Plugins.csproj", "{2F1B1543-8D71-F391-0730-BA79008AC91A}"
EndProject
Project("{FAE04EC0-301F-11D3-BF4B-00C04F79EFBC}") = "myGame.CSharp.Editor.Plugins", "myGame.CSharp.Editor.Plugins.csproj", "{1DD97CAD-5949-E3ED-E6F4-9AAFE814EEC1}"
EndProject
Global
	GlobalSection(SolutionConfigurationPlatforms) = preSolution
		Debug|Any CPU = Debug|Any CPU
		Release|Any CPU = Release|Any CPU
	EndGlobalSection
	GlobalSection(ProjectConfigurationPlatforms) = postSolution
		{7ED8277E-01A0-C7E7-9984-662F939E1AF0}.Debug|Any CPU.ActiveCfg = Debug|Any CPU
		{7ED8277E-01A0-C7E7-9984-662F939E1AF0}.Debug|Any CPU.Build.0 = Debug|Any CPU
		{7ED8277E-01A0-C7E7-9984-662F939E1AF0}.Release|Any CPU.ActiveCfg = Release|Any CPU
		{7ED8277E-01A0-C7E7-9984-662F939E1AF0}.Release|Any CPU.Build.0 = Release|Any CPU
		{2F1B1543-8D71-F391-0730-BA79008AC91A}.Debug|Any CPU.ActiveCfg = Debug|Any CPU
		{2F1B1543-8D71-F391-0730-BA79008AC91A}.Debug|Any CPU.Build.0 = Debug|Any CPU
		{2F1B1543-8D71-F391-0730-BA79008AC91A}.Release|Any CPU.ActiveCfg = Release|Any CPU
		{2F1B1543-8D71-F391-0730-BA79008AC91A}.Release|Any CPU.Build.0 = Release|Any CPU
		{1DD97CAD-5949-E3ED-E6F4-9AAFE814EEC1}.Debug|Any CPU.ActiveCfg = Debug|Any CPU
		{1DD97CAD-5949-E3ED-E6F4-9AAFE814EEC1}.Debug|Any CPU.Build.0 = Debug|Any CPU
		{1DD97CAD-5949-E3ED-E6F4-9AAFE814EEC1}.Release|Any CPU.ActiveCfg = Release|Any CPU
		{1DD97CAD-5949-E3ED-E6F4-9AAFE814EEC1}.Release|Any CPU.Build.0 = Release|Any CPU
	EndGlobalSection
	GlobalSection(SolutionProperties) = preSolution
		HideSolutionNode = FALSE
	EndGlobalSection
EndGlobal
